// !$*UTF8*$!
{
	archiveVersion = 1;
	classes = {
	};
	objectVersion = 50;
	objects = {

/* Begin PBXBuildFile section */
		F339947D26B33CA600BB5CFC /* TechVintoryApp.swift in Sources */ = {isa = PBXBuildFile; fileRef = F339947C26B33CA600BB5CFC /* TechVintoryApp.swift */; };
		F339947F26B33CA600BB5CFC /* ContentView.swift in Sources */ = {isa = PBXBuildFile; fileRef = F339947E26B33CA600BB5CFC /* ContentView.swift */; };
		F339948126B33CA700BB5CFC /* Assets.xcassets in Resources */ = {isa = PBXBuildFile; fileRef = F339948026B33CA700BB5CFC /* Assets.xcassets */; };
		F339948426B33CA700BB5CFC /* Preview Assets.xcassets in Resources */ = {isa = PBXBuildFile; fileRef = F339948326B33CA700BB5CFC /* Preview Assets.xcassets */; };
		F339949226B3541D00BB5CFC /* Laptop.swift in Sources */ = {isa = PBXBuildFile; fileRef = F339949126B3541D00BB5CFC /* Laptop.swift */; };
		F339949426B3553C00BB5CFC /* LaptopView.swift in Sources */ = {isa = PBXBuildFile; fileRef = F339949326B3553C00BB5CFC /* LaptopView.swift */; };
		F339949626B3567C00BB5CFC /* LaptopListView.swift in Sources */ = {isa = PBXBuildFile; fileRef = F339949526B3567C00BB5CFC /* LaptopListView.swift */; };
		F339949826B3574A00BB5CFC /* LaptopData.swift in Sources */ = {isa = PBXBuildFile; fileRef = F339949726B3574A00BB5CFC /* LaptopData.swift */; };
		F33994A026B3694900BB5CFC /* OnboardingCardView.swift in Sources */ = {isa = PBXBuildFile; fileRef = F339949F26B3694900BB5CFC /* OnboardingCardView.swift */; };
		F33994A226B36E9E00BB5CFC /* OnboardingView.swift in Sources */ = {isa = PBXBuildFile; fileRef = F33994A126B36E9E00BB5CFC /* OnboardingView.swift */; };
		F3982B8326CECE9D0020BD3E /* TechVintoryUITests.swift in Sources */ = {isa = PBXBuildFile; fileRef = F3982B8226CECE9D0020BD3E /* TechVintoryUITests.swift */; };
		F39F584126CAEC890003874C /* PhoneData.swift in Sources */ = {isa = PBXBuildFile; fileRef = F39F584026CAEC890003874C /* PhoneData.swift */; };
		F39F584326CAECE00003874C /* Phone.swift in Sources */ = {isa = PBXBuildFile; fileRef = F39F584226CAECE00003874C /* Phone.swift */; };
		F39F584526CAED110003874C /* PhoneViewModel.swift in Sources */ = {isa = PBXBuildFile; fileRef = F39F584426CAED110003874C /* PhoneViewModel.swift */; };
		F39F584726CAEEE00003874C /* PhoneListView.swift in Sources */ = {isa = PBXBuildFile; fileRef = F39F584626CAEEE00003874C /* PhoneListView.swift */; };
		F39F584926CAFA020003874C /* PhoneDetailsView.swift in Sources */ = {isa = PBXBuildFile; fileRef = F39F584826CAFA020003874C /* PhoneDetailsView.swift */; };
		F39F584B26CAFA4D0003874C /* PhoneView.swift in Sources */ = {isa = PBXBuildFile; fileRef = F39F584A26CAFA4D0003874C /* PhoneView.swift */; };
		F39F584D26CAFE7F0003874C /* DesktopView.swift in Sources */ = {isa = PBXBuildFile; fileRef = F39F584C26CAFE7F0003874C /* DesktopView.swift */; };
		F39F584F26CAFEBC0003874C /* DesktopData.swift in Sources */ = {isa = PBXBuildFile; fileRef = F39F584E26CAFEBC0003874C /* DesktopData.swift */; };
		F39F585126CAFEF30003874C /* Desktop.swift in Sources */ = {isa = PBXBuildFile; fileRef = F39F585026CAFEF30003874C /* Desktop.swift */; };
		F39F585326CAFF440003874C /* DesktopViewModel.swift in Sources */ = {isa = PBXBuildFile; fileRef = F39F585226CAFF440003874C /* DesktopViewModel.swift */; };
		F39F585526CAFFC70003874C /* DesktopListView.swift in Sources */ = {isa = PBXBuildFile; fileRef = F39F585426CAFFC70003874C /* DesktopListView.swift */; };
		F39F585726CB003A0003874C /* DesktopDetailsView.swift in Sources */ = {isa = PBXBuildFile; fileRef = F39F585626CB003A0003874C /* DesktopDetailsView.swift */; };
		F39F585B26CC40AE0003874C /* SettingsView.swift in Sources */ = {isa = PBXBuildFile; fileRef = F39F585A26CC40AE0003874C /* SettingsView.swift */; };
		F3DC1D7C26C4785400BAB43F /* StartButtonView.swift in Sources */ = {isa = PBXBuildFile; fileRef = F3DC1D7B26C4785400BAB43F /* StartButtonView.swift */; };
		F3DC1D7F26C4938C00BAB43F /* LaptopViewModel.swift in Sources */ = {isa = PBXBuildFile; fileRef = F3DC1D7E26C4938C00BAB43F /* LaptopViewModel.swift */; };
		F3DC1D8126C4979E00BAB43F /* LaptopDetailsView.swift in Sources */ = {isa = PBXBuildFile; fileRef = F3DC1D8026C4979E00BAB43F /* LaptopDetailsView.swift */; };
		F3DC1E2826C5ACB100BAB43F /* SubmitButtonView.swift in Sources */ = {isa = PBXBuildFile; fileRef = F3DC1E2726C5ACB100BAB43F /* SubmitButtonView.swift */; };
		F3DC1E5226C81EAD00BAB43F /* TabletData.swift in Sources */ = {isa = PBXBuildFile; fileRef = F3DC1E5126C81EAD00BAB43F /* TabletData.swift */; };
		F3DC1E5426C81F3F00BAB43F /* Tablet.swift in Sources */ = {isa = PBXBuildFile; fileRef = F3DC1E5326C81F3F00BAB43F /* Tablet.swift */; };
		F3DC1E5626C8210800BAB43F /* TabletView.swift in Sources */ = {isa = PBXBuildFile; fileRef = F3DC1E5526C8210800BAB43F /* TabletView.swift */; };
		F3DC1E5826C821A000BAB43F /* TabletViewModel.swift in Sources */ = {isa = PBXBuildFile; fileRef = F3DC1E5726C821A000BAB43F /* TabletViewModel.swift */; };
		F3DC1E5A26C8220300BAB43F /* TabletListView.swift in Sources */ = {isa = PBXBuildFile; fileRef = F3DC1E5926C8220300BAB43F /* TabletListView.swift */; };
		F3DC1E5D26C822B800BAB43F /* TabletDetailsView.swift in Sources */ = {isa = PBXBuildFile; fileRef = F3DC1E5C26C822B800BAB43F /* TabletDetailsView.swift */; };
		F3DC1E5F26C8344A00BAB43F /* MenuBarView.swift in Sources */ = {isa = PBXBuildFile; fileRef = F3DC1E5E26C8344A00BAB43F /* MenuBarView.swift */; };
/* End PBXBuildFile section */

/* Begin PBXContainerItemProxy section */
		F3982B8526CECE9D0020BD3E /* PBXContainerItemProxy */ = {
			isa = PBXContainerItemProxy;
			containerPortal = F339947126B33CA600BB5CFC /* Project object */;
			proxyType = 1;
			remoteGlobalIDString = F339947826B33CA600BB5CFC;
			remoteInfo = TechVintory;
		};
/* End PBXContainerItemProxy section */

/* Begin PBXFileReference section */
		F339947C26B33CA600BB5CFC /* TechVintoryApp.swift */ = {isa = PBXFileReference; lastKnownFileType = sourcecode.swift; path = TechVintoryApp.swift; sourceTree = "<group>"; };
		F339947E26B33CA600BB5CFC /* ContentView.swift */ = {isa = PBXFileReference; lastKnownFileType = sourcecode.swift; path = ContentView.swift; sourceTree = "<group>"; };
		F339948026B33CA700BB5CFC /* Assets.xcassets */ = {isa = PBXFileReference; lastKnownFileType = folder.assetcatalog; path = Assets.xcassets; sourceTree = "<group>"; };
		F339948326B33CA700BB5CFC /* Preview Assets.xcassets */ = {isa = PBXFileReference; lastKnownFileType = folder.assetcatalog; path = "Preview Assets.xcassets"; sourceTree = "<group>"; };
		F339948526B33CA700BB5CFC /* Info.plist */ = {isa = PBXFileReference; lastKnownFileType = text.plist.xml; path = Info.plist; sourceTree = "<group>"; };
		F339949126B3541D00BB5CFC /* Laptop.swift */ = {isa = PBXFileReference; lastKnownFileType = sourcecode.swift; path = Laptop.swift; sourceTree = "<group>"; };
		F339949326B3553C00BB5CFC /* LaptopView.swift */ = {isa = PBXFileReference; lastKnownFileType = sourcecode.swift; path = LaptopView.swift; sourceTree = "<group>"; };
		F339949526B3567C00BB5CFC /* LaptopListView.swift */ = {isa = PBXFileReference; lastKnownFileType = sourcecode.swift; path = LaptopListView.swift; sourceTree = "<group>"; };
		F339949726B3574A00BB5CFC /* LaptopData.swift */ = {isa = PBXFileReference; lastKnownFileType = sourcecode.swift; path = LaptopData.swift; sourceTree = "<group>"; };
		F339949F26B3694900BB5CFC /* OnboardingCardView.swift */ = {isa = PBXFileReference; lastKnownFileType = sourcecode.swift; path = OnboardingCardView.swift; sourceTree = "<group>"; };
		F33994A126B36E9E00BB5CFC /* OnboardingView.swift */ = {isa = PBXFileReference; lastKnownFileType = sourcecode.swift; path = OnboardingView.swift; sourceTree = "<group>"; };
		F3982B8026CECE9D0020BD3E /* TechVintoryUITests.xctest */ = {isa = PBXFileReference; explicitFileType = wrapper.cfbundle; includeInIndex = 0; path = TechVintoryUITests.xctest; sourceTree = BUILT_PRODUCTS_DIR; };
		F3982B8226CECE9D0020BD3E /* TechVintoryUITests.swift */ = {isa = PBXFileReference; lastKnownFileType = sourcecode.swift; path = TechVintoryUITests.swift; sourceTree = "<group>"; };
		F3982B8426CECE9D0020BD3E /* Info.plist */ = {isa = PBXFileReference; lastKnownFileType = text.plist.xml; path = Info.plist; sourceTree = "<group>"; };
		F39F584026CAEC890003874C /* PhoneData.swift */ = {isa = PBXFileReference; lastKnownFileType = sourcecode.swift; path = PhoneData.swift; sourceTree = "<group>"; };
		F39F584226CAECE00003874C /* Phone.swift */ = {isa = PBXFileReference; lastKnownFileType = sourcecode.swift; path = Phone.swift; sourceTree = "<group>"; };
		F39F584426CAED110003874C /* PhoneViewModel.swift */ = {isa = PBXFileReference; lastKnownFileType = sourcecode.swift; path = PhoneViewModel.swift; sourceTree = "<group>"; };
		F39F584626CAEEE00003874C /* PhoneListView.swift */ = {isa = PBXFileReference; lastKnownFileType = sourcecode.swift; path = PhoneListView.swift; sourceTree = "<group>"; };
		F39F584826CAFA020003874C /* PhoneDetailsView.swift */ = {isa = PBXFileReference; lastKnownFileType = sourcecode.swift; path = PhoneDetailsView.swift; sourceTree = "<group>"; };
		F39F584A26CAFA4D0003874C /* PhoneView.swift */ = {isa = PBXFileReference; lastKnownFileType = sourcecode.swift; path = PhoneView.swift; sourceTree = "<group>"; };
		F39F584C26CAFE7F0003874C /* DesktopView.swift */ = {isa = PBXFileReference; lastKnownFileType = sourcecode.swift; path = DesktopView.swift; sourceTree = "<group>"; };
		F39F584E26CAFEBC0003874C /* DesktopData.swift */ = {isa = PBXFileReference; lastKnownFileType = sourcecode.swift; path = DesktopData.swift; sourceTree = "<group>"; };
		F39F585026CAFEF30003874C /* Desktop.swift */ = {isa = PBXFileReference; lastKnownFileType = sourcecode.swift; path = Desktop.swift; sourceTree = "<group>"; };
		F39F585226CAFF440003874C /* DesktopViewModel.swift */ = {isa = PBXFileReference; lastKnownFileType = sourcecode.swift; path = DesktopViewModel.swift; sourceTree = "<group>"; };
		F39F585426CAFFC70003874C /* DesktopListView.swift */ = {isa = PBXFileReference; lastKnownFileType = sourcecode.swift; path = DesktopListView.swift; sourceTree = "<group>"; };
		F39F585626CB003A0003874C /* DesktopDetailsView.swift */ = {isa = PBXFileReference; lastKnownFileType = sourcecode.swift; path = DesktopDetailsView.swift; sourceTree = "<group>"; };
		F39F585A26CC40AE0003874C /* SettingsView.swift */ = {isa = PBXFileReference; lastKnownFileType = sourcecode.swift; path = SettingsView.swift; sourceTree = "<group>"; };
		F3DC1D7A26C474C500BAB43F /* TechVintory.app */ = {isa = PBXFileReference; explicitFileType = wrapper.application; includeInIndex = 0; path = TechVintory.app; sourceTree = BUILT_PRODUCTS_DIR; };
		F3DC1D7B26C4785400BAB43F /* StartButtonView.swift */ = {isa = PBXFileReference; lastKnownFileType = sourcecode.swift; path = StartButtonView.swift; sourceTree = "<group>"; };
		F3DC1D7E26C4938C00BAB43F /* LaptopViewModel.swift */ = {isa = PBXFileReference; lastKnownFileType = sourcecode.swift; path = LaptopViewModel.swift; sourceTree = "<group>"; };
		F3DC1D8026C4979E00BAB43F /* LaptopDetailsView.swift */ = {isa = PBXFileReference; lastKnownFileType = sourcecode.swift; path = LaptopDetailsView.swift; sourceTree = "<group>"; };
		F3DC1E2726C5ACB100BAB43F /* SubmitButtonView.swift */ = {isa = PBXFileReference; lastKnownFileType = sourcecode.swift; path = SubmitButtonView.swift; sourceTree = "<group>"; };
		F3DC1E5126C81EAD00BAB43F /* TabletData.swift */ = {isa = PBXFileReference; lastKnownFileType = sourcecode.swift; path = TabletData.swift; sourceTree = "<group>"; };
		F3DC1E5326C81F3F00BAB43F /* Tablet.swift */ = {isa = PBXFileReference; lastKnownFileType = sourcecode.swift; path = Tablet.swift; sourceTree = "<group>"; };
		F3DC1E5526C8210800BAB43F /* TabletView.swift */ = {isa = PBXFileReference; lastKnownFileType = sourcecode.swift; path = TabletView.swift; sourceTree = "<group>"; };
		F3DC1E5726C821A000BAB43F /* TabletViewModel.swift */ = {isa = PBXFileReference; lastKnownFileType = sourcecode.swift; path = TabletViewModel.swift; sourceTree = "<group>"; };
		F3DC1E5926C8220300BAB43F /* TabletListView.swift */ = {isa = PBXFileReference; lastKnownFileType = sourcecode.swift; path = TabletListView.swift; sourceTree = "<group>"; };
		F3DC1E5C26C822B800BAB43F /* TabletDetailsView.swift */ = {isa = PBXFileReference; lastKnownFileType = sourcecode.swift; path = TabletDetailsView.swift; sourceTree = "<group>"; };
		F3DC1E5E26C8344A00BAB43F /* MenuBarView.swift */ = {isa = PBXFileReference; lastKnownFileType = sourcecode.swift; path = MenuBarView.swift; sourceTree = "<group>"; };
/* End PBXFileReference section */

/* Begin PBXFrameworksBuildPhase section */
		F339947626B33CA600BB5CFC /* Frameworks */ = {
			isa = PBXFrameworksBuildPhase;
			buildActionMask = 2147483647;
			files = (
			);
			runOnlyForDeploymentPostprocessing = 0;
		};
		F3982B7D26CECE9D0020BD3E /* Frameworks */ = {
			isa = PBXFrameworksBuildPhase;
			buildActionMask = 2147483647;
			files = (
			);
			runOnlyForDeploymentPostprocessing = 0;
		};
/* End PBXFrameworksBuildPhase section */

/* Begin PBXGroup section */
		F339947026B33CA600BB5CFC = {
			isa = PBXGroup;
			children = (
				F339947B26B33CA600BB5CFC /* TechVintory */,
				F3DC1D7A26C474C500BAB43F /* TechVintory.app */,
				F3982B8026CECE9D0020BD3E /* TechVintoryUITests.xctest */,
				F3982B8126CECE9D0020BD3E /* TechVintoryUITests */,
			);
			sourceTree = "<group>";
		};
		F339947B26B33CA600BB5CFC /* TechVintory */ = {
			isa = PBXGroup;
			children = (
				F3DC1D7D26C4935A00BAB43F /* ModelView */,
				F339949026B352F000BB5CFC /* Screens */,
				F339948D26B3525100BB5CFC /* Data */,
				F339948C26B3524900BB5CFC /* Models */,
				F339948B26B351BC00BB5CFC /* Views */,
				F339947C26B33CA600BB5CFC /* TechVintoryApp.swift */,
				F339948026B33CA700BB5CFC /* Assets.xcassets */,
				F339948526B33CA700BB5CFC /* Info.plist */,
				F339948226B33CA700BB5CFC /* Preview Content */,
			);
			path = TechVintory;
			sourceTree = "<group>";
		};
		F339948226B33CA700BB5CFC /* Preview Content */ = {
			isa = PBXGroup;
			children = (
				F339948326B33CA700BB5CFC /* Preview Assets.xcassets */,
			);
			path = "Preview Content";
			sourceTree = "<group>";
		};
		F339948B26B351BC00BB5CFC /* Views */ = {
			isa = PBXGroup;
			children = (
				F339949326B3553C00BB5CFC /* LaptopView.swift */,
				F339949F26B3694900BB5CFC /* OnboardingCardView.swift */,
				F3DC1D7B26C4785400BAB43F /* StartButtonView.swift */,
				F3DC1E2726C5ACB100BAB43F /* SubmitButtonView.swift */,
				F3DC1E5526C8210800BAB43F /* TabletView.swift */,
				F39F584A26CAFA4D0003874C /* PhoneView.swift */,
				F39F584C26CAFE7F0003874C /* DesktopView.swift */,
			);
			path = Views;
			sourceTree = "<group>";
		};
		F339948C26B3524900BB5CFC /* Models */ = {
			isa = PBXGroup;
			children = (
				F339949126B3541D00BB5CFC /* Laptop.swift */,
				F3DC1E5326C81F3F00BAB43F /* Tablet.swift */,
				F39F584226CAECE00003874C /* Phone.swift */,
				F39F585026CAFEF30003874C /* Desktop.swift */,
			);
			path = Models;
			sourceTree = "<group>";
		};
		F339948D26B3525100BB5CFC /* Data */ = {
			isa = PBXGroup;
			children = (
				F339949726B3574A00BB5CFC /* LaptopData.swift */,
				F3DC1E5126C81EAD00BAB43F /* TabletData.swift */,
				F39F584026CAEC890003874C /* PhoneData.swift */,
				F39F584E26CAFEBC0003874C /* DesktopData.swift */,
			);
			path = Data;
			sourceTree = "<group>";
		};
		F339949026B352F000BB5CFC /* Screens */ = {
			isa = PBXGroup;
			children = (
				F339947E26B33CA600BB5CFC /* ContentView.swift */,
				F339949526B3567C00BB5CFC /* LaptopListView.swift */,
				F33994A126B36E9E00BB5CFC /* OnboardingView.swift */,
				F3DC1D8026C4979E00BAB43F /* LaptopDetailsView.swift */,
				F3DC1E5926C8220300BAB43F /* TabletListView.swift */,
				F3DC1E5C26C822B800BAB43F /* TabletDetailsView.swift */,
				F3DC1E5E26C8344A00BAB43F /* MenuBarView.swift */,
				F39F584626CAEEE00003874C /* PhoneListView.swift */,
				F39F584826CAFA020003874C /* PhoneDetailsView.swift */,
				F39F585426CAFFC70003874C /* DesktopListView.swift */,
				F39F585626CB003A0003874C /* DesktopDetailsView.swift */,
				F39F585A26CC40AE0003874C /* SettingsView.swift */,
			);
			path = Screens;
			sourceTree = "<group>";
		};
		F3982B8126CECE9D0020BD3E /* TechVintoryUITests */ = {
			isa = PBXGroup;
			children = (
				F3982B8226CECE9D0020BD3E /* TechVintoryUITests.swift */,
				F3982B8426CECE9D0020BD3E /* Info.plist */,
			);
			path = TechVintoryUITests;
			sourceTree = "<group>";
		};
		F3DC1D7D26C4935A00BAB43F /* ModelView */ = {
			isa = PBXGroup;
			children = (
				F3DC1D7E26C4938C00BAB43F /* LaptopViewModel.swift */,
				F3DC1E5726C821A000BAB43F /* TabletViewModel.swift */,
				F39F584426CAED110003874C /* PhoneViewModel.swift */,
				F39F585226CAFF440003874C /* DesktopViewModel.swift */,
			);
			path = ModelView;
			sourceTree = "<group>";
		};
/* End PBXGroup section */

/* Begin PBXNativeTarget section */
		F339947826B33CA600BB5CFC /* TechVintory */ = {
			isa = PBXNativeTarget;
			buildConfigurationList = F339948826B33CA700BB5CFC /* Build configuration list for PBXNativeTarget "TechVintory" */;
			buildPhases = (
				F339947526B33CA600BB5CFC /* Sources */,
				F339947626B33CA600BB5CFC /* Frameworks */,
				F339947726B33CA600BB5CFC /* Resources */,
			);
			buildRules = (
			);
			dependencies = (
			);
			name = TechVintory;
			productName = TechVintory;
			productReference = F3DC1D7A26C474C500BAB43F /* TechVintory.app */;
			productType = "com.apple.product-type.application";
		};
		F3982B7F26CECE9D0020BD3E /* TechVintoryUITests */ = {
			isa = PBXNativeTarget;
			buildConfigurationList = F3982B8926CECE9D0020BD3E /* Build configuration list for PBXNativeTarget "TechVintoryUITests" */;
			buildPhases = (
				F3982B7C26CECE9D0020BD3E /* Sources */,
				F3982B7D26CECE9D0020BD3E /* Frameworks */,
				F3982B7E26CECE9D0020BD3E /* Resources */,
			);
			buildRules = (
			);
			dependencies = (
				F3982B8626CECE9D0020BD3E /* PBXTargetDependency */,
			);
			name = TechVintoryUITests;
			productName = TechVintoryUITests;
			productReference = F3982B8026CECE9D0020BD3E /* TechVintoryUITests.xctest */;
			productType = "com.apple.product-type.bundle.ui-testing";
		};
/* End PBXNativeTarget section */

/* Begin PBXProject section */
		F339947126B33CA600BB5CFC /* Project object */ = {
			isa = PBXProject;
			attributes = {
				LastSwiftUpdateCheck = 1250;
				LastUpgradeCheck = 1250;
				TargetAttributes = {
					F339947826B33CA600BB5CFC = {
						CreatedOnToolsVersion = 12.5.1;
					};
					F3982B7F26CECE9D0020BD3E = {
						CreatedOnToolsVersion = 12.5.1;
						TestTargetID = F339947826B33CA600BB5CFC;
					};
				};
			};
			buildConfigurationList = F339947426B33CA600BB5CFC /* Build configuration list for PBXProject "TechVintory" */;
			compatibilityVersion = "Xcode 9.3";
			developmentRegion = en;
			hasScannedForEncodings = 0;
			knownRegions = (
				en,
				Base,
			);
			mainGroup = F339947026B33CA600BB5CFC;
			productRefGroup = F339947026B33CA600BB5CFC;
			projectDirPath = "";
			projectRoot = "";
			targets = (
				F339947826B33CA600BB5CFC /* TechVintory */,
				F3982B7F26CECE9D0020BD3E /* TechVintoryUITests */,
			);
		};
/* End PBXProject section */

/* Begin PBXResourcesBuildPhase section */
		F339947726B33CA600BB5CFC /* Resources */ = {
			isa = PBXResourcesBuildPhase;
			buildActionMask = 2147483647;
			files = (
				F339948426B33CA700BB5CFC /* Preview Assets.xcassets in Resources */,
				F339948126B33CA700BB5CFC /* Assets.xcassets in Resources */,
			);
			runOnlyForDeploymentPostprocessing = 0;
		};
		F3982B7E26CECE9D0020BD3E /* Resources */ = {
			isa = PBXResourcesBuildPhase;
			buildActionMask = 2147483647;
			files = (
			);
			runOnlyForDeploymentPostprocessing = 0;
		};
/* End PBXResourcesBuildPhase section */

/* Begin PBXSourcesBuildPhase section */
		F339947526B33CA600BB5CFC /* Sources */ = {
			isa = PBXSourcesBuildPhase;
			buildActionMask = 2147483647;
			files = (
				F3DC1E2826C5ACB100BAB43F /* SubmitButtonView.swift in Sources */,
				F3DC1D7C26C4785400BAB43F /* StartButtonView.swift in Sources */,
				F339947F26B33CA600BB5CFC /* ContentView.swift in Sources */,
				F339947D26B33CA600BB5CFC /* TechVintoryApp.swift in Sources */,
				F3DC1E5626C8210800BAB43F /* TabletView.swift in Sources */,
				F339949426B3553C00BB5CFC /* LaptopView.swift in Sources */,
				F39F585726CB003A0003874C /* DesktopDetailsView.swift in Sources */,
				F39F584726CAEEE00003874C /* PhoneListView.swift in Sources */,
				F39F584F26CAFEBC0003874C /* DesktopData.swift in Sources */,
				F39F584126CAEC890003874C /* PhoneData.swift in Sources */,
				F33994A026B3694900BB5CFC /* OnboardingCardView.swift in Sources */,
				F339949826B3574A00BB5CFC /* LaptopData.swift in Sources */,
				F39F584326CAECE00003874C /* Phone.swift in Sources */,
				F39F584D26CAFE7F0003874C /* DesktopView.swift in Sources */,
				F39F584B26CAFA4D0003874C /* PhoneView.swift in Sources */,
				F39F585126CAFEF30003874C /* Desktop.swift in Sources */,
				F3DC1E5A26C8220300BAB43F /* TabletListView.swift in Sources */,
				F3DC1E5826C821A000BAB43F /* TabletViewModel.swift in Sources */,
				F3DC1D8126C4979E00BAB43F /* LaptopDetailsView.swift in Sources */,
				F339949226B3541D00BB5CFC /* Laptop.swift in Sources */,
				F3DC1E5226C81EAD00BAB43F /* TabletData.swift in Sources */,
				F3DC1E5426C81F3F00BAB43F /* Tablet.swift in Sources */,
				F33994A226B36E9E00BB5CFC /* OnboardingView.swift in Sources */,
				F39F584526CAED110003874C /* PhoneViewModel.swift in Sources */,
				F39F585526CAFFC70003874C /* DesktopListView.swift in Sources */,
				F39F585B26CC40AE0003874C /* SettingsView.swift in Sources */,
				F3DC1E5D26C822B800BAB43F /* TabletDetailsView.swift in Sources */,
				F39F584926CAFA020003874C /* PhoneDetailsView.swift in Sources */,
				F3DC1E5F26C8344A00BAB43F /* MenuBarView.swift in Sources */,
				F39F585326CAFF440003874C /* DesktopViewModel.swift in Sources */,
				F3DC1D7F26C4938C00BAB43F /* LaptopViewModel.swift in Sources */,
				F339949626B3567C00BB5CFC /* LaptopListView.swift in Sources */,
			);
			runOnlyForDeploymentPostprocessing = 0;
		};
		F3982B7C26CECE9D0020BD3E /* Sources */ = {
			isa = PBXSourcesBuildPhase;
			buildActionMask = 2147483647;
			files = (
				F3982B8326CECE9D0020BD3E /* TechVintoryUITests.swift in Sources */,
			);
			runOnlyForDeploymentPostprocessing = 0;
		};
/* End PBXSourcesBuildPhase section */

/* Begin PBXTargetDependency section */
		F3982B8626CECE9D0020BD3E /* PBXTargetDependency */ = {
			isa = PBXTargetDependency;
			target = F339947826B33CA600BB5CFC /* TechVintory */;
			targetProxy = F3982B8526CECE9D0020BD3E /* PBXContainerItemProxy */;
		};
/* End PBXTargetDependency section */

/* Begin XCBuildConfiguration section */
		F339948626B33CA700BB5CFC /* Debug */ = {
			isa = XCBuildConfiguration;
			buildSettings = {
				ALWAYS_SEARCH_USER_PATHS = NO;
				CLANG_ANALYZER_NONNULL = YES;
				CLANG_ANALYZER_NUMBER_OBJECT_CONVERSION = YES_AGGRESSIVE;
				CLANG_CXX_LANGUAGE_STANDARD = "gnu++14";
				CLANG_CXX_LIBRARY = "libc++";
				CLANG_ENABLE_MODULES = YES;
				CLANG_ENABLE_OBJC_ARC = YES;
				CLANG_ENABLE_OBJC_WEAK = YES;
				CLANG_WARN_BLOCK_CAPTURE_AUTORELEASING = YES;
				CLANG_WARN_BOOL_CONVERSION = YES;
				CLANG_WARN_COMMA = YES;
				CLANG_WARN_CONSTANT_CONVERSION = YES;
				CLANG_WARN_DEPRECATED_OBJC_IMPLEMENTATIONS = YES;
				CLANG_WARN_DIRECT_OBJC_ISA_USAGE = YES_ERROR;
				CLANG_WARN_DOCUMENTATION_COMMENTS = YES;
				CLANG_WARN_EMPTY_BODY = YES;
				CLANG_WARN_ENUM_CONVERSION = YES;
				CLANG_WARN_INFINITE_RECURSION = YES;
				CLANG_WARN_INT_CONVERSION = YES;
				CLANG_WARN_NON_LITERAL_NULL_CONVERSION = YES;
				CLANG_WARN_OBJC_IMPLICIT_RETAIN_SELF = YES;
				CLANG_WARN_OBJC_LITERAL_CONVERSION = YES;
				CLANG_WARN_OBJC_ROOT_CLASS = YES_ERROR;
				CLANG_WARN_QUOTED_INCLUDE_IN_FRAMEWORK_HEADER = YES;
				CLANG_WARN_RANGE_LOOP_ANALYSIS = YES;
				CLANG_WARN_STRICT_PROTOTYPES = YES;
				CLANG_WARN_SUSPICIOUS_MOVE = YES;
				CLANG_WARN_UNGUARDED_AVAILABILITY = YES_AGGRESSIVE;
				CLANG_WARN_UNREACHABLE_CODE = YES;
				CLANG_WARN__DUPLICATE_METHOD_MATCH = YES;
				COPY_PHASE_STRIP = NO;
				DEBUG_INFORMATION_FORMAT = dwarf;
				ENABLE_STRICT_OBJC_MSGSEND = YES;
				ENABLE_TESTABILITY = YES;
				GCC_C_LANGUAGE_STANDARD = gnu11;
				GCC_DYNAMIC_NO_PIC = NO;
				GCC_NO_COMMON_BLOCKS = YES;
				GCC_OPTIMIZATION_LEVEL = 0;
				GCC_PREPROCESSOR_DEFINITIONS = (
					"DEBUG=1",
					"$(inherited)",
				);
				GCC_WARN_64_TO_32_BIT_CONVERSION = YES;
				GCC_WARN_ABOUT_RETURN_TYPE = YES_ERROR;
				GCC_WARN_UNDECLARED_SELECTOR = YES;
				GCC_WARN_UNINITIALIZED_AUTOS = YES_AGGRESSIVE;
				GCC_WARN_UNUSED_FUNCTION = YES;
				GCC_WARN_UNUSED_VARIABLE = YES;
				IPHONEOS_DEPLOYMENT_TARGET = 14.5;
				MTL_ENABLE_DEBUG_INFO = INCLUDE_SOURCE;
				MTL_FAST_MATH = YES;
				ONLY_ACTIVE_ARCH = YES;
				SDKROOT = iphoneos;
				SWIFT_ACTIVE_COMPILATION_CONDITIONS = DEBUG;
				SWIFT_OPTIMIZATION_LEVEL = "-Onone";
			};
			name = Debug;
		};
		F339948726B33CA700BB5CFC /* Release */ = {
			isa = XCBuildConfiguration;
			buildSettings = {
				ALWAYS_SEARCH_USER_PATHS = NO;
				CLANG_ANALYZER_NONNULL = YES;
				CLANG_ANALYZER_NUMBER_OBJECT_CONVERSION = YES_AGGRESSIVE;
				CLANG_CXX_LANGUAGE_STANDARD = "gnu++14";
				CLANG_CXX_LIBRARY = "libc++";
				CLANG_ENABLE_MODULES = YES;
				CLANG_ENABLE_OBJC_ARC = YES;
				CLANG_ENABLE_OBJC_WEAK = YES;
				CLANG_WARN_BLOCK_CAPTURE_AUTORELEASING = YES;
				CLANG_WARN_BOOL_CONVERSION = YES;
				CLANG_WARN_COMMA = YES;
				CLANG_WARN_CONSTANT_CONVERSION = YES;
				CLANG_WARN_DEPRECATED_OBJC_IMPLEMENTATIONS = YES;
				CLANG_WARN_DIRECT_OBJC_ISA_USAGE = YES_ERROR;
				CLANG_WARN_DOCUMENTATION_COMMENTS = YES;
				CLANG_WARN_EMPTY_BODY = YES;
				CLANG_WARN_ENUM_CONVERSION = YES;
				CLANG_WARN_INFINITE_RECURSION = YES;
				CLANG_WARN_INT_CONVERSION = YES;
				CLANG_WARN_NON_LITERAL_NULL_CONVERSION = YES;
				CLANG_WARN_OBJC_IMPLICIT_RETAIN_SELF = YES;
				CLANG_WARN_OBJC_LITERAL_CONVERSION = YES;
				CLANG_WARN_OBJC_ROOT_CLASS = YES_ERROR;
				CLANG_WARN_QUOTED_INCLUDE_IN_FRAMEWORK_HEADER = YES;
				CLANG_WARN_RANGE_LOOP_ANALYSIS = YES;
				CLANG_WARN_STRICT_PROTOTYPES = YES;
				CLANG_WARN_SUSPICIOUS_MOVE = YES;
				CLANG_WARN_UNGUARDED_AVAILABILITY = YES_AGGRESSIVE;
				CLANG_WARN_UNREACHABLE_CODE = YES;
				CLANG_WARN__DUPLICATE_METHOD_MATCH = YES;
				COPY_PHASE_STRIP = NO;
				DEBUG_INFORMATION_FORMAT = "dwarf-with-dsym";
				ENABLE_NS_ASSERTIONS = NO;
				ENABLE_STRICT_OBJC_MSGSEND = YES;
				GCC_C_LANGUAGE_STANDARD = gnu11;
				GCC_NO_COMMON_BLOCKS = YES;
				GCC_WARN_64_TO_32_BIT_CONVERSION = YES;
				GCC_WARN_ABOUT_RETURN_TYPE = YES_ERROR;
				GCC_WARN_UNDECLARED_SELECTOR = YES;
				GCC_WARN_UNINITIALIZED_AUTOS = YES_AGGRESSIVE;
				GCC_WARN_UNUSED_FUNCTION = YES;
				GCC_WARN_UNUSED_VARIABLE = YES;
				IPHONEOS_DEPLOYMENT_TARGET = 14.5;
				MTL_ENABLE_DEBUG_INFO = NO;
				MTL_FAST_MATH = YES;
				SDKROOT = iphoneos;
				SWIFT_COMPILATION_MODE = wholemodule;
				SWIFT_OPTIMIZATION_LEVEL = "-O";
				VALIDATE_PRODUCT = YES;
			};
			name = Release;
		};
		F339948926B33CA700BB5CFC /* Debug */ = {
			isa = XCBuildConfiguration;
			buildSettings = {
				ASSETCATALOG_COMPILER_APPICON_NAME = AppIcon;
				ASSETCATALOG_COMPILER_GLOBAL_ACCENT_COLOR_NAME = AccentColor;
				CODE_SIGN_STYLE = Automatic;
				DEVELOPMENT_ASSET_PATHS = "\"TechVintory/Preview Content\"";
				DEVELOPMENT_TEAM = P3N5D9LU2L;
				ENABLE_PREVIEWS = YES;
				INFOPLIST_FILE = TechVintory/Info.plist;
				IPHONEOS_DEPLOYMENT_TARGET = 14.0;
				LD_RUNPATH_SEARCH_PATHS = (
					"$(inherited)",
					"@executable_path/Frameworks",
				);
				PRODUCT_BUNDLE_IDENTIFIER = com.OpenWindow.TechVintory;
				PRODUCT_NAME = "$(TARGET_NAME)";
				SWIFT_VERSION = 5.0;
				TARGETED_DEVICE_FAMILY = "1,2";
			};
			name = Debug;
		};
		F339948A26B33CA700BB5CFC /* Release */ = {
			isa = XCBuildConfiguration;
			buildSettings = {
				ASSETCATALOG_COMPILER_APPICON_NAME = AppIcon;
				ASSETCATALOG_COMPILER_GLOBAL_ACCENT_COLOR_NAME = AccentColor;
				CODE_SIGN_STYLE = Automatic;
				DEVELOPMENT_ASSET_PATHS = "\"TechVintory/Preview Content\"";
				DEVELOPMENT_TEAM = P3N5D9LU2L;
				ENABLE_PREVIEWS = YES;
				INFOPLIST_FILE = TechVintory/Info.plist;
				IPHONEOS_DEPLOYMENT_TARGET = 14.0;
				LD_RUNPATH_SEARCH_PATHS = (
					"$(inherited)",
					"@executable_path/Frameworks",
				);
				PRODUCT_BUNDLE_IDENTIFIER = com.OpenWindow.TechVintory;
				PRODUCT_NAME = "$(TARGET_NAME)";
				SWIFT_VERSION = 5.0;
				TARGETED_DEVICE_FAMILY = "1,2";
			};
			name = Release;
		};
		F3982B8726CECE9D0020BD3E /* Debug */ = {
			isa = XCBuildConfiguration;
			buildSettings = {
				CODE_SIGN_STYLE = Automatic;
				INFOPLIST_FILE = TechVintoryUITests/Info.plist;
				LD_RUNPATH_SEARCH_PATHS = (
					"$(inherited)",
					"@executable_path/Frameworks",
					"@loader_path/Frameworks",
				);
				PRODUCT_BUNDLE_IDENTIFIER = com.OpenWindow.TechVintoryUITests;
				PRODUCT_NAME = "$(TARGET_NAME)";
				SWIFT_VERSION = 5.0;
				TARGETED_DEVICE_FAMILY = "1,2";
				TEST_TARGET_NAME = TechVintory;
			};
			name = Debug;
		};
		F3982B8826CECE9D0020BD3E /* Release */ = {
			isa = XCBuildConfiguration;
			buildSettings = {
				CODE_SIGN_STYLE = Automatic;
				INFOPLIST_FILE = TechVintoryUITests/Info.plist;
				LD_RUNPATH_SEARCH_PATHS = (
					"$(inherited)",
					"@executable_path/Frameworks",
					"@loader_path/Frameworks",
				);
				PRODUCT_BUNDLE_IDENTIFIER = com.OpenWindow.TechVintoryUITests;
				PRODUCT_NAME = "$(TARGET_NAME)";
				SWIFT_VERSION = 5.0;
				TARGETED_DEVICE_FAMILY = "1,2";
				TEST_TARGET_NAME = TechVintory;
			};
			name = Release;
		};
/* End XCBuildConfiguration section */

/* Begin XCConfigurationList section */
		F339947426B33CA600BB5CFC /* Build configuration list for PBXProject "TechVintory" */ = {
			isa = XCConfigurationList;
			buildConfigurations = (
				F339948626B33CA700BB5CFC /* Debug */,
				F339948726B33CA700BB5CFC /* Release */,
			);
			defaultConfigurationIsVisible = 0;
			defaultConfigurationName = Release;
		};
		F339948826B33CA700BB5CFC /* Build configuration list for PBXNativeTarget "TechVintory" */ = {
			isa = XCConfigurationList;
			buildConfigurations = (
				F339948926B33CA700BB5CFC /* Debug */,
				F339948A26B33CA700BB5CFC /* Release */,
			);
			defaultConfigurationIsVisible = 0;
			defaultConfigurationName = Release;
		};
		F3982B8926CECE9D0020BD3E /* Build configuration list for PBXNativeTarget "TechVintoryUITests" */ = {
			isa = XCConfigurationList;
			buildConfigurations = (
				F3982B8726CECE9D0020BD3E /* Debug */,
				F3982B8826CECE9D0020BD3E /* Release */,
			);
			defaultConfigurationIsVisible = 0;
			defaultConfigurationName = Release;
		};
/* End XCConfigurationList section */
	};
	rootObject = F339947126B33CA600BB5CFC /* Project object */;
}
